
Microsoft Visual Studio Solution File, Format Version 12.00
# Visual Studio 14
VisualStudioVersion = 14.0.25123.0
MinimumVisualStudioVersion = 10.0.40219.1
Project("{FAE04EC0-301F-11D3-BF4B-00C04F79EFBC}") = "DownAllPics", "DownAllPics\DownAllPics.csproj", "{BC6B07CB-EE4B-4DF2-81F7-D7DE82315F7F}"
EndProject
Global
	GlobalSection(SolutionConfigurationPlatforms) = preSolution
		Debug|Any CPU = Debug|Any CPU
		Release|Any CPU = Release|Any CPU
	EndGlobalSection
	GlobalSection(ProjectConfigurationPlatforms) = postSolution
		{BC6B07CB-EE4B-4DF2-81F7-D7DE82315F7F}.Debug|Any CPU.ActiveCfg = Debug|Any CPU
		{BC6B07CB-EE4B-4DF2-81F7-D7DE82315F7F}.Debug|Any CPU.Build.0 = Debug|Any CPU
		{BC6B07CB-EE4B-4DF2-81F7-D7DE82315F7F}.Release|Any CPU.ActiveCfg = Release|Any CPU
		{BC6B07CB-EE4B-4DF2-81F7-D7DE82315F7F}.Release|Any CPU.Build.0 = Release|Any CPU
	EndGlobalSection
	GlobalSection(SolutionProperties) = preSolution
		HideSolutionNode = FALSE
	EndGlobalSection
EndGlobal
